
Microsoft Visual Studio Solution File, Format Version 12.00
# Visual Studio Version 16
VisualStudioVersion = 16.0.30413.136
MinimumVisualStudioVersion = 10.0.40219.1
Project("{9A19103F-16F7-4668-BE54-9A1E7A4F7556}") = "Log Handler", "LogHandler\Log Handler.csproj", "{E675B175-26AC-41CA-9B28-2B8804AA62A0}"
EndProject
Project("{FAE04EC0-301F-11D3-BF4B-00C04F79EFBC}") = "Testing Console App", "Testing Console App\Testing Console App.csproj", "{1F8CD410-D1D7-466C-833D-958D5A455401}"
EndProject
Global
	GlobalSection(SolutionConfigurationPlatforms) = preSolution
		Debug|Any CPU = Debug|Any CPU
		Release|Any CPU = Release|Any CPU
	EndGlobalSection
	GlobalSection(ProjectConfigurationPlatforms) = postSolution
		{E675B175-26AC-41CA-9B28-2B8804AA62A0}.Debug|Any CPU.ActiveCfg = Debug|Any CPU
		{E675B175-26AC-41CA-9B28-2B8804AA62A0}.Debug|Any CPU.Build.0 = Debug|Any CPU
		{E675B175-26AC-41CA-9B28-2B8804AA62A0}.Release|Any CPU.ActiveCfg = Release|Any CPU
		{E675B175-26AC-41CA-9B28-2B8804AA62A0}.Release|Any CPU.Build.0 = Release|Any CPU
		{1F8CD410-D1D7-466C-833D-958D5A455401}.Debug|Any CPU.ActiveCfg = Debug|Any CPU
		{1F8CD410-D1D7-466C-833D-958D5A455401}.Debug|Any CPU.Build.0 = Debug|Any CPU
		{1F8CD410-D1D7-466C-833D-958D5A455401}.Release|Any CPU.ActiveCfg = Release|Any CPU
		{1F8CD410-D1D7-466C-833D-958D5A455401}.Release|Any CPU.Build.0 = Release|Any CPU
	EndGlobalSection
	GlobalSection(SolutionProperties) = preSolution
		HideSolutionNode = FALSE
	EndGlobalSection
	GlobalSection(ExtensibilityGlobals) = postSolution
		SolutionGuid = {D52278F9-57AB-4CA0-A2FE-607BF016D313}
	EndGlobalSection
EndGlobal
